
Microsoft Visual Studio Solution File, Format Version 12.00
# Visual Studio Version 16
VisualStudioVersion = 16.0.31019.35
MinimumVisualStudioVersion = 10.0.40219.1
Project("{FAE04EC0-301F-11D3-BF4B-00C04F79EFBC}") = "TesteFramework", "TesteFramework\TesteFramework.csproj", "{859C222C-1BE3-46D3-B71C-EB647304DBC5}"
EndProject
Project("{FAE04EC0-301F-11D3-BF4B-00C04F79EFBC}") = "TesteFramework.Core", "TesteFramework.Core\TesteFramework.Core.csproj", "{43D97651-D7D3-4FCF-A415-351ED41A9DDC}"
EndProject
Global
	GlobalSection(SolutionConfigurationPlatforms) = preSolution
		Debug|Any CPU = Debug|Any CPU
		Release|Any CPU = Release|Any CPU
	EndGlobalSection
	GlobalSection(ProjectConfigurationPlatforms) = postSolution
		{859C222C-1BE3-46D3-B71C-EB647304DBC5}.Debug|Any CPU.ActiveCfg = Debug|Any CPU
		{859C222C-1BE3-46D3-B71C-EB647304DBC5}.Debug|Any CPU.Build.0 = Debug|Any CPU
		{859C222C-1BE3-46D3-B71C-EB647304DBC5}.Release|Any CPU.ActiveCfg = Release|Any CPU
		{859C222C-1BE3-46D3-B71C-EB647304DBC5}.Release|Any CPU.Build.0 = Release|Any CPU
		{43D97651-D7D3-4FCF-A415-351ED41A9DDC}.Debug|Any CPU.ActiveCfg = Debug|Any CPU
		{43D97651-D7D3-4FCF-A415-351ED41A9DDC}.Debug|Any CPU.Build.0 = Debug|Any CPU
		{43D97651-D7D3-4FCF-A415-351ED41A9DDC}.Release|Any CPU.ActiveCfg = Release|Any CPU
		{43D97651-D7D3-4FCF-A415-351ED41A9DDC}.Release|Any CPU.Build.0 = Release|Any CPU
	EndGlobalSection
	GlobalSection(SolutionProperties) = preSolution
		HideSolutionNode = FALSE
	EndGlobalSection
	GlobalSection(ExtensibilityGlobals) = postSolution
		SolutionGuid = {A1BCA380-9C12-46B2-A761-A0B4D0B47E41}
	EndGlobalSection
EndGlobal
